
Microsoft Visual Studio Solution File, Format Version 12.00
# Visual Studio Version 16
VisualStudioVersion = 16.0.30225.117
MinimumVisualStudioVersion = 10.0.40219.1
Project("{FAE04EC0-301F-11D3-BF4B-00C04F79EFBC}") = "BU50-API", "BU50-API\BU50-API.csproj", "{8AEF6324-ADE0-40CE-ABBE-FB7DE1E3EC1B}"
EndProject
Global
	GlobalSection(SolutionConfigurationPlatforms) = preSolution
		All|Any CPU = All|Any CPU
		All|x86 = All|x86
		Debug|Any CPU = Debug|Any CPU
		Debug|x86 = Debug|x86
		Release|Any CPU = Release|Any CPU
		Release|x86 = Release|x86
	EndGlobalSection
	GlobalSection(ProjectConfigurationPlatforms) = postSolution
		{8AEF6324-ADE0-40CE-ABBE-FB7DE1E3EC1B}.All|Any CPU.ActiveCfg = Release|Any CPU
		{8AEF6324-ADE0-40CE-ABBE-FB7DE1E3EC1B}.All|Any CPU.Build.0 = Release|Any CPU
		{8AEF6324-ADE0-40CE-ABBE-FB7DE1E3EC1B}.All|x86.ActiveCfg = Release|x86
		{8AEF6324-ADE0-40CE-ABBE-FB7DE1E3EC1B}.All|x86.Build.0 = Release|x86
		{8AEF6324-ADE0-40CE-ABBE-FB7DE1E3EC1B}.Debug|Any CPU.ActiveCfg = Debug|Any CPU
		{8AEF6324-ADE0-40CE-ABBE-FB7DE1E3EC1B}.Debug|Any CPU.Build.0 = Debug|Any CPU
		{8AEF6324-ADE0-40CE-ABBE-FB7DE1E3EC1B}.Debug|x86.ActiveCfg = Debug|x86
		{8AEF6324-ADE0-40CE-ABBE-FB7DE1E3EC1B}.Debug|x86.Build.0 = Debug|x86
		{8AEF6324-ADE0-40CE-ABBE-FB7DE1E3EC1B}.Release|Any CPU.ActiveCfg = Release|Any CPU
		{8AEF6324-ADE0-40CE-ABBE-FB7DE1E3EC1B}.Release|Any CPU.Build.0 = Release|Any CPU
		{8AEF6324-ADE0-40CE-ABBE-FB7DE1E3EC1B}.Release|x86.ActiveCfg = Release|x86
		{8AEF6324-ADE0-40CE-ABBE-FB7DE1E3EC1B}.Release|x86.Build.0 = Release|x86
	EndGlobalSection
	GlobalSection(SolutionProperties) = preSolution
		HideSolutionNode = FALSE
	EndGlobalSection
	GlobalSection(ExtensibilityGlobals) = postSolution
		SolutionGuid = {451E3D87-6340-4B13-825D-68415675F2CA}
	EndGlobalSection
	GlobalSection(TeamFoundationVersionControl) = preSolution
		SccNumberOfProjects = 2
		SccEnterpriseProvider = {4CA58AB2-18FA-4F8D-95D4-32DDF27D184C}
		SccTeamFoundationServer = https://mahdisafe1.visualstudio.com/
		SccLocalPath0 = .
		SccProjectUniqueName1 = BU50-API\\BU50-API.csproj
		SccProjectName1 = BU50-API
		SccLocalPath1 = BU50-API
	EndGlobalSection
EndGlobal
